<?xml version="1.0" encoding="utf-8"?>
<Project ToolsVersion="4.0" xmlns="http://schemas.microsoft.com/developer/msbuild/2003">
  <ItemGroup>
    <ClCompile Include="pch.cpp">
      <Filter>Source</Filter>
    </ClCompile>
    <ClCompile Include="gpu.cpp">
      <Filter>Source</Filter>
    </ClCompile>
    <ClCompile Include="d3d11_as_string.cpp">
      <Filter>Source\D3D11</Filter>
    </ClCompile>
    <ClCompile Include="d3d_compile.cpp">
      <Filter>Source\D3D11</Filter>
    </ClCompile>
    <ClCompile Include="d3d_include.cpp">
      <Filter>Source\D3D11</Filter>
    </ClCompile>
    <ClCompile Include="dxgi_util.cpp">
      <Filter>Source\D3D11</Filter>
    </ClCompile>
    <ClCompile Include="d3d_util.cpp">
      <Filter>Source\D3D11</Filter>
    </ClCompile>
  </ItemGroup>
  <ItemGroup>
    <ClInclude Include="..\..\Include\oGPU\all.h">
      <Filter>Headers</Filter>
    </ClInclude>
    <ClInclude Include="pch.h">
      <Filter>Source</Filter>
    </ClInclude>
    <ClInclude Include="..\..\Include\oGPU\gpu.h">
      <Filter>Headers</Filter>
    </ClInclude>
    <ClInclude Include="d3d11_as_string.h">
      <Filter>Source\D3D11</Filter>
    </ClInclude>
    <ClInclude Include="d3d_compile.h">
      <Filter>Source\D3D11</Filter>
    </ClInclude>
    <ClInclude Include="d3d_include.h">
      <Filter>Source\D3D11</Filter>
    </ClInclude>
    <ClInclude Include="dxgi_util.h">
      <Filter>Source\D3D11</Filter>
    </ClInclude>
    <ClInclude Include="d3d_util.h">
      <Filter>Source\D3D11</Filter>
    </ClInclude>
  </ItemGroup>
  <ItemGroup>
    <Filter Include="Headers">
      <UniqueIdentifier>{2e43fcc8-7a2c-4c31-b3fa-0afa92967c1f}</UniqueIdentifier>
    </Filter>
    <Filter Include="Source">
      <UniqueIdentifier>{8296491c-a15c-4f32-bf7b-dc833625e4d5}</UniqueIdentifier>
    </Filter>
    <Filter Include="Source\D3D11">
      <UniqueIdentifier>{1adba936-89bf-4e16-830f-fb5c7b91e8a1}</UniqueIdentifier>
    </Filter>
  </ItemGroup>
  <ItemGroup>
    <None Include="oGPUShaders.txt">
      <Filter>Source</Filter>
    </None>
  </ItemGroup>
  <ItemGroup>
    <CustomBuild Include="oGPUShaders.hlsl">
      <Filter>Source</Filter>
    </CustomBuild>
  </ItemGroup>
</Project>